
Microsoft Visual Studio Solution File, Format Version 12.00
# Visual Studio Version 17
VisualStudioVersion = 17.4.33205.214
MinimumVisualStudioVersion = 10.0.40219.1
Project("{FAE04EC0-301F-11D3-BF4B-00C04F79EFBC}") = "DataStrUsingGenerics", "DataStrUsingGenerics\DataStrUsingGenerics.csproj", "{D6147924-A360-4028-B3E8-D8276805A1C1}"
EndProject
Global
	GlobalSection(SolutionConfigurationPlatforms) = preSolution
		Debug|Any CPU = Debug|Any CPU
		Release|Any CPU = Release|Any CPU
	EndGlobalSection
	GlobalSection(ProjectConfigurationPlatforms) = postSolution
		{D6147924-A360-4028-B3E8-D8276805A1C1}.Debug|Any CPU.ActiveCfg = Debug|Any CPU
		{D6147924-A360-4028-B3E8-D8276805A1C1}.Debug|Any CPU.Build.0 = Debug|Any CPU
		{D6147924-A360-4028-B3E8-D8276805A1C1}.Release|Any CPU.ActiveCfg = Release|Any CPU
		{D6147924-A360-4028-B3E8-D8276805A1C1}.Release|Any CPU.Build.0 = Release|Any CPU
	EndGlobalSection
	GlobalSection(SolutionProperties) = preSolution
		HideSolutionNode = FALSE
	EndGlobalSection
	GlobalSection(ExtensibilityGlobals) = postSolution
		SolutionGuid = {FCDDB0C3-CF8F-412F-80B5-E41EF69A3DB2}
	EndGlobalSection
EndGlobal
